
Microsoft Visual Studio Solution File, Format Version 12.00
# Visual Studio Version 17
VisualStudioVersion = 17.8.34330.188
MinimumVisualStudioVersion = 10.0.40219.1
Project("{FAE04EC0-301F-11D3-BF4B-00C04F79EFBC}") = "API", "API\API.csproj", "{EF91EB3A-930B-4ED1-8FD1-231A83125321}"
EndProject
Global
	GlobalSection(SolutionConfigurationPlatforms) = preSolution
		Debug|Any CPU = Debug|Any CPU
		Release|Any CPU = Release|Any CPU
	EndGlobalSection
	GlobalSection(ProjectConfigurationPlatforms) = postSolution
		{EF91EB3A-930B-4ED1-8FD1-231A83125321}.Debug|Any CPU.ActiveCfg = Debug|Any CPU
		{EF91EB3A-930B-4ED1-8FD1-231A83125321}.Debug|Any CPU.Build.0 = Debug|Any CPU
		{EF91EB3A-930B-4ED1-8FD1-231A83125321}.Release|Any CPU.ActiveCfg = Release|Any CPU
		{EF91EB3A-930B-4ED1-8FD1-231A83125321}.Release|Any CPU.Build.0 = Release|Any CPU
	EndGlobalSection
	GlobalSection(SolutionProperties) = preSolution
		HideSolutionNode = FALSE
	EndGlobalSection
	GlobalSection(ExtensibilityGlobals) = postSolution
		SolutionGuid = {B75ECD0C-B47E-46A7-9DBD-A41026A42317}
	EndGlobalSection
EndGlobal
